
Microsoft Visual Studio Solution File, Format Version 12.00
# Visual Studio Version 16
VisualStudioVersion = 16.0.32002.261
MinimumVisualStudioVersion = 10.0.40219.1
Project("{FAE04EC0-301F-11D3-BF4B-00C04F79EFBC}") = "ConsoleApp2", "ConsoleApp2.csproj", "{681D120D-449D-4D2A-99D3-7A32590A971D}"
EndProject
Global
	GlobalSection(SolutionConfigurationPlatforms) = preSolution
		Debug|Any CPU = Debug|Any CPU
		Release|Any CPU = Release|Any CPU
	EndGlobalSection
	GlobalSection(ProjectConfigurationPlatforms) = postSolution
		{681D120D-449D-4D2A-99D3-7A32590A971D}.Debug|Any CPU.ActiveCfg = Debug|Any CPU
		{681D120D-449D-4D2A-99D3-7A32590A971D}.Debug|Any CPU.Build.0 = Debug|Any CPU
		{681D120D-449D-4D2A-99D3-7A32590A971D}.Release|Any CPU.ActiveCfg = Release|Any CPU
		{681D120D-449D-4D2A-99D3-7A32590A971D}.Release|Any CPU.Build.0 = Release|Any CPU
	EndGlobalSection
	GlobalSection(SolutionProperties) = preSolution
		HideSolutionNode = FALSE
	EndGlobalSection
	GlobalSection(ExtensibilityGlobals) = postSolution
		SolutionGuid = {3F031392-8DE1-471A-9444-8418D6816044}
	EndGlobalSection
EndGlobal
