
Microsoft Visual Studio Solution File, Format Version 12.00
# Visual Studio Version 16
VisualStudioVersion = 16.0.32002.261
MinimumVisualStudioVersion = 10.0.40219.1
Project("{FAE04EC0-301F-11D3-BF4B-00C04F79EFBC}") = "WebApplication", "..\WebApplication\WebApplication.csproj", "{2D9C6F79-D17E-4966-BD6E-F672963C11D2}"
EndProject
Global
	GlobalSection(SolutionConfigurationPlatforms) = preSolution
		Debug|Any CPU = Debug|Any CPU
		Release|Any CPU = Release|Any CPU
	EndGlobalSection
	GlobalSection(ProjectConfigurationPlatforms) = postSolution
		{2D9C6F79-D17E-4966-BD6E-F672963C11D2}.Debug|Any CPU.ActiveCfg = Debug|Any CPU
		{2D9C6F79-D17E-4966-BD6E-F672963C11D2}.Debug|Any CPU.Build.0 = Debug|Any CPU
		{2D9C6F79-D17E-4966-BD6E-F672963C11D2}.Release|Any CPU.ActiveCfg = Release|Any CPU
		{2D9C6F79-D17E-4966-BD6E-F672963C11D2}.Release|Any CPU.Build.0 = Release|Any CPU
	EndGlobalSection
	GlobalSection(SolutionProperties) = preSolution
		HideSolutionNode = FALSE
	EndGlobalSection
	GlobalSection(ExtensibilityGlobals) = postSolution
		SolutionGuid = {55262C51-AA50-4DB1-B6F2-17D02C0B42C6}
	EndGlobalSection
EndGlobal
