
Microsoft Visual Studio Solution File, Format Version 12.00
# Visual Studio Version 16
VisualStudioVersion = 16.0.33027.164
MinimumVisualStudioVersion = 10.0.40219.1
Project("{FAE04EC0-301F-11D3-BF4B-00C04F79EFBC}") = "SampleMVCApplication", "SampleMVCApplication.csproj", "{A554B056-12A7-461E-B9EA-86805438E6B7}"
EndProject
Global
	GlobalSection(SolutionConfigurationPlatforms) = preSolution
		Debug|Any CPU = Debug|Any CPU
		Release|Any CPU = Release|Any CPU
	EndGlobalSection
	GlobalSection(ProjectConfigurationPlatforms) = postSolution
		{A554B056-12A7-461E-B9EA-86805438E6B7}.Debug|Any CPU.ActiveCfg = Debug|Any CPU
		{A554B056-12A7-461E-B9EA-86805438E6B7}.Debug|Any CPU.Build.0 = Debug|Any CPU
		{A554B056-12A7-461E-B9EA-86805438E6B7}.Release|Any CPU.ActiveCfg = Release|Any CPU
		{A554B056-12A7-461E-B9EA-86805438E6B7}.Release|Any CPU.Build.0 = Release|Any CPU
	EndGlobalSection
	GlobalSection(SolutionProperties) = preSolution
		HideSolutionNode = FALSE
	EndGlobalSection
	GlobalSection(ExtensibilityGlobals) = postSolution
		SolutionGuid = {E72850CE-8F3F-465E-968D-AFAD47F25B9A}
	EndGlobalSection
EndGlobal
