
Microsoft Visual Studio Solution File, Format Version 12.00
# Visual Studio Version 16
VisualStudioVersion = 16.0.33027.164
MinimumVisualStudioVersion = 10.0.40219.1
Project("{FAE04EC0-301F-11D3-BF4B-00C04F79EFBC}") = "APIWITHCRUD", "APIWITHCRUD.csproj", "{6476875D-88BF-4882-BF82-814B17551616}"
EndProject
Global
	GlobalSection(SolutionConfigurationPlatforms) = preSolution
		Debug|Any CPU = Debug|Any CPU
		Release|Any CPU = Release|Any CPU
	EndGlobalSection
	GlobalSection(ProjectConfigurationPlatforms) = postSolution
		{6476875D-88BF-4882-BF82-814B17551616}.Debug|Any CPU.ActiveCfg = Debug|Any CPU
		{6476875D-88BF-4882-BF82-814B17551616}.Debug|Any CPU.Build.0 = Debug|Any CPU
		{6476875D-88BF-4882-BF82-814B17551616}.Release|Any CPU.ActiveCfg = Release|Any CPU
		{6476875D-88BF-4882-BF82-814B17551616}.Release|Any CPU.Build.0 = Release|Any CPU
	EndGlobalSection
	GlobalSection(SolutionProperties) = preSolution
		HideSolutionNode = FALSE
	EndGlobalSection
	GlobalSection(ExtensibilityGlobals) = postSolution
		SolutionGuid = {CC79FC6A-8279-4D8F-BA9D-27DA4F43A1F7}
	EndGlobalSection
EndGlobal
